// !$*UTF8*$!
{
	archiveVersion = 1;
	classes = {
	};
	objectVersion = 50;
	objects = {

/* Begin PBXBuildFile section */
		2E2ACE4824D36CA600D10DB2 /* AppDelegate.swift in Sources */ = {isa = PBXBuildFile; fileRef = 2E2ACE4724D36CA600D10DB2 /* AppDelegate.swift */; };
		2E2ACE4A24D36CA600D10DB2 /* SceneDelegate.swift in Sources */ = {isa = PBXBuildFile; fileRef = 2E2ACE4924D36CA600D10DB2 /* SceneDelegate.swift */; };
		2E2ACE4C24D36CA600D10DB2 /* ViewController.swift in Sources */ = {isa = PBXBuildFile; fileRef = 2E2ACE4B24D36CA600D10DB2 /* ViewController.swift */; };
		2E2ACE4F24D36CA600D10DB2 /* Main.storyboard in Resources */ = {isa = PBXBuildFile; fileRef = 2E2ACE4D24D36CA600D10DB2 /* Main.storyboard */; };
		2E2ACE5224D36CA600D10DB2 /* oneZL.xcdatamodeld in Sources */ = {isa = PBXBuildFile; fileRef = 2E2ACE5024D36CA600D10DB2 /* oneZL.xcdatamodeld */; };
		2E2ACE5424D36CAA00D10DB2 /* Assets.xcassets in Resources */ = {isa = PBXBuildFile; fileRef = 2E2ACE5324D36CAA00D10DB2 /* Assets.xcassets */; };
		2E2ACE5724D36CAA00D10DB2 /* LaunchScreen.storyboard in Resources */ = {isa = PBXBuildFile; fileRef = 2E2ACE5524D36CAA00D10DB2 /* LaunchScreen.storyboard */; };
		2E2ACE6224D36CAA00D10DB2 /* oneZLTests.swift in Sources */ = {isa = PBXBuildFile; fileRef = 2E2ACE6124D36CAA00D10DB2 /* oneZLTests.swift */; };
		2E2ACE6D24D36CAA00D10DB2 /* oneZLUITests.swift in Sources */ = {isa = PBXBuildFile; fileRef = 2E2ACE6C24D36CAA00D10DB2 /* oneZLUITests.swift */; };
/* End PBXBuildFile section */

/* Begin PBXContainerItemProxy section */
		2E2ACE5E24D36CAA00D10DB2 /* PBXContainerItemProxy */ = {
			isa = PBXContainerItemProxy;
			containerPortal = 2E2ACE3C24D36CA600D10DB2 /* Project object */;
			proxyType = 1;
			remoteGlobalIDString = 2E2ACE4324D36CA600D10DB2;
			remoteInfo = oneZL;
		};
		2E2ACE6924D36CAA00D10DB2 /* PBXContainerItemProxy */ = {
			isa = PBXContainerItemProxy;
			containerPortal = 2E2ACE3C24D36CA600D10DB2 /* Project object */;
			proxyType = 1;
			remoteGlobalIDString = 2E2ACE4324D36CA600D10DB2;
			remoteInfo = oneZL;
		};
/* End PBXContainerItemProxy section */

/* Begin PBXFileReference section */
		2E2ACE4424D36CA600D10DB2 /* oneZL.app */ = {isa = PBXFileReference; explicitFileType = wrapper.application; includeInIndex = 0; path = oneZL.app; sourceTree = BUILT_PRODUCTS_DIR; };
		2E2ACE4724D36CA600D10DB2 /* AppDelegate.swift */ = {isa = PBXFileReference; lastKnownFileType = sourcecode.swift; path = AppDelegate.swift; sourceTree = "<group>"; };
		2E2ACE4924D36CA600D10DB2 /* SceneDelegate.swift */ = {isa = PBXFileReference; lastKnownFileType = sourcecode.swift; path = SceneDelegate.swift; sourceTree = "<group>"; };
		2E2ACE4B24D36CA600D10DB2 /* ViewController.swift */ = {isa = PBXFileReference; lastKnownFileType = sourcecode.swift; path = ViewController.swift; sourceTree = "<group>"; };
		2E2ACE4E24D36CA600D10DB2 /* Base */ = {isa = PBXFileReference; lastKnownFileType = file.storyboard; name = Base; path = Base.lproj/Main.storyboard; sourceTree = "<group>"; };
		2E2ACE5124D36CA600D10DB2 /* oneZL.xcdatamodel */ = {isa = PBXFileReference; lastKnownFileType = wrapper.xcdatamodel; path = oneZL.xcdatamodel; sourceTree = "<group>"; };
		2E2ACE5324D36CAA00D10DB2 /* Assets.xcassets */ = {isa = PBXFileReference; lastKnownFileType = folder.assetcatalog; path = Assets.xcassets; sourceTree = "<group>"; };
		2E2ACE5624D36CAA00D10DB2 /* Base */ = {isa = PBXFileReference; lastKnownFileType = file.storyboard; name = Base; path = Base.lproj/LaunchScreen.storyboard; sourceTree = "<group>"; };
		2E2ACE5824D36CAA00D10DB2 /* Info.plist */ = {isa = PBXFileReference; lastKnownFileType = text.plist.xml; path = Info.plist; sourceTree = "<group>"; };
		2E2ACE5D24D36CAA00D10DB2 /* oneZLTests.xctest */ = {isa = PBXFileReference; explicitFileType = wrapper.cfbundle; includeInIndex = 0; path = oneZLTests.xctest; sourceTree = BUILT_PRODUCTS_DIR; };
		2E2ACE6124D36CAA00D10DB2 /* oneZLTests.swift */ = {isa = PBXFileReference; lastKnownFileType = sourcecode.swift; path = oneZLTests.swift; sourceTree = "<group>"; };
		2E2ACE6324D36CAA00D10DB2 /* Info.plist */ = {isa = PBXFileReference; lastKnownFileType = text.plist.xml; path = Info.plist; sourceTree = "<group>"; };
		2E2ACE6824D36CAA00D10DB2 /* oneZLUITests.xctest */ = {isa = PBXFileReference; explicitFileType = wrapper.cfbundle; includeInIndex = 0; path = oneZLUITests.xctest; sourceTree = BUILT_PRODUCTS_DIR; };
		2E2ACE6C24D36CAA00D10DB2 /* oneZLUITests.swift */ = {isa = PBXFileReference; lastKnownFileType = sourcecode.swift; path = oneZLUITests.swift; sourceTree = "<group>"; };
		2E2ACE6E24D36CAA00D10DB2 /* Info.plist */ = {isa = PBXFileReference; lastKnownFileType = text.plist.xml; path = Info.plist; sourceTree = "<group>"; };
/* End PBXFileReference section */

/* Begin PBXFrameworksBuildPhase section */
		2E2ACE4124D36CA600D10DB2 /* Frameworks */ = {
			isa = PBXFrameworksBuildPhase;
			buildActionMask = 2147483647;
			files = (
			);
			runOnlyForDeploymentPostprocessing = 0;
		};
		2E2ACE5A24D36CAA00D10DB2 /* Frameworks */ = {
			isa = PBXFrameworksBuildPhase;
			buildActionMask = 2147483647;
			files = (
			);
			runOnlyForDeploymentPostprocessing = 0;
		};
		2E2ACE6524D36CAA00D10DB2 /* Frameworks */ = {
			isa = PBXFrameworksBuildPhase;
			buildActionMask = 2147483647;
			files = (
			);
			runOnlyForDeploymentPostprocessing = 0;
		};
/* End PBXFrameworksBuildPhase section */

/* Begin PBXGroup section */
		2E2ACE3B24D36CA600D10DB2 = {
			isa = PBXGroup;
			children = (
				2E2ACE4624D36CA600D10DB2 /* oneZL */,
				2E2ACE6024D36CAA00D10DB2 /* oneZLTests */,
				2E2ACE6B24D36CAA00D10DB2 /* oneZLUITests */,
				2E2ACE4524D36CA600D10DB2 /* Products */,
			);
			sourceTree = "<group>";
		};
		2E2ACE4524D36CA600D10DB2 /* Products */ = {
			isa = PBXGroup;
			children = (
				2E2ACE4424D36CA600D10DB2 /* oneZL.app */,
				2E2ACE5D24D36CAA00D10DB2 /* oneZLTests.xctest */,
				2E2ACE6824D36CAA00D10DB2 /* oneZLUITests.xctest */,
			);
			name = Products;
			sourceTree = "<group>";
		};
		2E2ACE4624D36CA600D10DB2 /* oneZL */ = {
			isa = PBXGroup;
			children = (
				2E2ACE4724D36CA600D10DB2 /* AppDelegate.swift */,
				2E2ACE4924D36CA600D10DB2 /* SceneDelegate.swift */,
				2E2ACE4B24D36CA600D10DB2 /* ViewController.swift */,
				2E2ACE4D24D36CA600D10DB2 /* Main.storyboard */,
				2E2ACE5324D36CAA00D10DB2 /* Assets.xcassets */,
				2E2ACE5524D36CAA00D10DB2 /* LaunchScreen.storyboard */,
				2E2ACE5824D36CAA00D10DB2 /* Info.plist */,
				2E2ACE5024D36CA600D10DB2 /* oneZL.xcdatamodeld */,
			);
			path = oneZL;
			sourceTree = "<group>";
		};
		2E2ACE6024D36CAA00D10DB2 /* oneZLTests */ = {
			isa = PBXGroup;
			children = (
				2E2ACE6124D36CAA00D10DB2 /* oneZLTests.swift */,
				2E2ACE6324D36CAA00D10DB2 /* Info.plist */,
			);
			path = oneZLTests;
			sourceTree = "<group>";
		};
		2E2ACE6B24D36CAA00D10DB2 /* oneZLUITests */ = {
			isa = PBXGroup;
			children = (
				2E2ACE6C24D36CAA00D10DB2 /* oneZLUITests.swift */,
				2E2ACE6E24D36CAA00D10DB2 /* Info.plist */,
			);
			path = oneZLUITests;
			sourceTree = "<group>";
		};
/* End PBXGroup section */

/* Begin PBXNativeTarget section */
		2E2ACE4324D36CA600D10DB2 /* oneZL */ = {
			isa = PBXNativeTarget;
			buildConfigurationList = 2E2ACE7124D36CAA00D10DB2 /* Build configuration list for PBXNativeTarget "oneZL" */;
			buildPhases = (
				2E2ACE4024D36CA600D10DB2 /* Sources */,
				2E2ACE4124D36CA600D10DB2 /* Frameworks */,
				2E2ACE4224D36CA600D10DB2 /* Resources */,
			);
			buildRules = (
			);
			dependencies = (
			);
			name = oneZL;
			productName = oneZL;
			productReference = 2E2ACE4424D36CA600D10DB2 /* oneZL.app */;
			productType = "com.apple.product-type.application";
		};
		2E2ACE5C24D36CAA00D10DB2 /* oneZLTests */ = {
			isa = PBXNativeTarget;
			buildConfigurationList = 2E2ACE7424D36CAA00D10DB2 /* Build configuration list for PBXNativeTarget "oneZLTests" */;
			buildPhases = (
				2E2ACE5924D36CAA00D10DB2 /* Sources */,
				2E2ACE5A24D36CAA00D10DB2 /* Frameworks */,
				2E2ACE5B24D36CAA00D10DB2 /* Resources */,
			);
			buildRules = (
			);
			dependencies = (
				2E2ACE5F24D36CAA00D10DB2 /* PBXTargetDependency */,
			);
			name = oneZLTests;
			productName = oneZLTests;
			productReference = 2E2ACE5D24D36CAA00D10DB2 /* oneZLTests.xctest */;
			productType = "com.apple.product-type.bundle.unit-test";
		};
		2E2ACE6724D36CAA00D10DB2 /* oneZLUITests */ = {
			isa = PBXNativeTarget;
			buildConfigurationList = 2E2ACE7724D36CAA00D10DB2 /* Build configuration list for PBXNativeTarget "oneZLUITests" */;
			buildPhases = (
				2E2ACE6424D36CAA00D10DB2 /* Sources */,
				2E2ACE6524D36CAA00D10DB2 /* Frameworks */,
				2E2ACE6624D36CAA00D10DB2 /* Resources */,
			);
			buildRules = (
			);
			dependencies = (
				2E2ACE6A24D36CAA00D10DB2 /* PBXTargetDependency */,
			);
			name = oneZLUITests;
			productName = oneZLUITests;
			productReference = 2E2ACE6824D36CAA00D10DB2 /* oneZLUITests.xctest */;
			productType = "com.apple.product-type.bundle.ui-testing";
		};
/* End PBXNativeTarget section */

/* Begin PBXProject section */
		2E2ACE3C24D36CA600D10DB2 /* Project object */ = {
			isa = PBXProject;
			attributes = {
				LastSwiftUpdateCheck = 1160;
				LastUpgradeCheck = 1160;
				ORGANIZATIONNAME = "Mabel Smith";
				TargetAttributes = {
					2E2ACE4324D36CA600D10DB2 = {
						CreatedOnToolsVersion = 11.6;
					};
					2E2ACE5C24D36CAA00D10DB2 = {
						CreatedOnToolsVersion = 11.6;
						TestTargetID = 2E2ACE4324D36CA600D10DB2;
					};
					2E2ACE6724D36CAA00D10DB2 = {
						CreatedOnToolsVersion = 11.6;
						TestTargetID = 2E2ACE4324D36CA600D10DB2;
					};
				};
			};
			buildConfigurationList = 2E2ACE3F24D36CA600D10DB2 /* Build configuration list for PBXProject "oneZL" */;
			compatibilityVersion = "Xcode 9.3";
			developmentRegion = en;
			hasScannedForEncodings = 0;
			knownRegions = (
				en,
				Base,
			);
			mainGroup = 2E2ACE3B24D36CA600D10DB2;
			productRefGroup = 2E2ACE4524D36CA600D10DB2 /* Products */;
			projectDirPath = "";
			projectRoot = "";
			targets = (
				2E2ACE4324D36CA600D10DB2 /* oneZL */,
				2E2ACE5C24D36CAA00D10DB2 /* oneZLTests */,
				2E2ACE6724D36CAA00D10DB2 /* oneZLUITests */,
			);
		};
/* End PBXProject section */

/* Begin PBXResourcesBuildPhase section */
		2E2ACE4224D36CA600D10DB2 /* Resources */ = {
			isa = PBXResourcesBuildPhase;
			buildActionMask = 2147483647;
			files = (
				2E2ACE5724D36CAA00D10DB2 /* LaunchScreen.storyboard in Resources */,
				2E2ACE5424D36CAA00D10DB2 /* Assets.xcassets in Resources */,
				2E2ACE4F24D36CA600D10DB2 /* Main.storyboard in Resources */,
			);
			runOnlyForDeploymentPostprocessing = 0;
		};
		2E2ACE5B24D36CAA00D10DB2 /* Resources */ = {
			isa = PBXResourcesBuildPhase;
			buildActionMask = 2147483647;
			files = (
			);
			runOnlyForDeploymentPostprocessing = 0;
		};
		2E2ACE6624D36CAA00D10DB2 /* Resources */ = {
			isa = PBXResourcesBuildPhase;
			buildActionMask = 2147483647;
			files = (
			);
			runOnlyForDeploymentPostprocessing = 0;
		};
/* End PBXResourcesBuildPhase section */

/* Begin PBXSourcesBuildPhase section */
		2E2ACE4024D36CA600D10DB2 /* Sources */ = {
			isa = PBXSourcesBuildPhase;
			buildActionMask = 2147483647;
			files = (
				2E2ACE4C24D36CA600D10DB2 /* ViewController.swift in Sources */,
				2E2ACE4824D36CA600D10DB2 /* AppDelegate.swift in Sources */,
				2E2ACE5224D36CA600D10DB2 /* oneZL.xcdatamodeld in Sources */,
				2E2ACE4A24D36CA600D10DB2 /* SceneDelegate.swift in Sources */,
			);
			runOnlyForDeploymentPostprocessing = 0;
		};
		2E2ACE5924D36CAA00D10DB2 /* Sources */ = {
			isa = PBXSourcesBuildPhase;
			buildActionMask = 2147483647;
			files = (
				2E2ACE6224D36CAA00D10DB2 /* oneZLTests.swift in Sources */,
			);
			runOnlyForDeploymentPostprocessing = 0;
		};
		2E2ACE6424D36CAA00D10DB2 /* Sources */ = {
			isa = PBXSourcesBuildPhase;
			buildActionMask = 2147483647;
			files = (
				2E2ACE6D24D36CAA00D10DB2 /* oneZLUITests.swift in Sources */,
			);
			runOnlyForDeploymentPostprocessing = 0;
		};
/* End PBXSourcesBuildPhase section */

/* Begin PBXTargetDependency section */
		2E2ACE5F24D36CAA00D10DB2 /* PBXTargetDependency */ = {
			isa = PBXTargetDependency;
			target = 2E2ACE4324D36CA600D10DB2 /* oneZL */;
			targetProxy = 2E2ACE5E24D36CAA00D10DB2 /* PBXContainerItemProxy */;
		};
		2E2ACE6A24D36CAA00D10DB2 /* PBXTargetDependency */ = {
			isa = PBXTargetDependency;
			target = 2E2ACE4324D36CA600D10DB2 /* oneZL */;
			targetProxy = 2E2ACE6924D36CAA00D10DB2 /* PBXContainerItemProxy */;
		};
/* End PBXTargetDependency section */

/* Begin PBXVariantGroup section */
		2E2ACE4D24D36CA600D10DB2 /* Main.storyboard */ = {
			isa = PBXVariantGroup;
			children = (
				2E2ACE4E24D36CA600D10DB2 /* Base */,
			);
			name = Main.storyboard;
			sourceTree = "<group>";
		};
		2E2ACE5524D36CAA00D10DB2 /* LaunchScreen.storyboard */ = {
			isa = PBXVariantGroup;
			children = (
				2E2ACE5624D36CAA00D10DB2 /* Base */,
			);
			name = LaunchScreen.storyboard;
			sourceTree = "<group>";
		};
/* End PBXVariantGroup section */

/* Begin XCBuildConfiguration section */
		2E2ACE6F24D36CAA00D10DB2 /* Debug */ = {
			isa = XCBuildConfiguration;
			buildSettings = {
				ALWAYS_SEARCH_USER_PATHS = NO;
				CLANG_ANALYZER_NONNULL = YES;
				CLANG_ANALYZER_NUMBER_OBJECT_CONVERSION = YES_AGGRESSIVE;
				CLANG_CXX_LANGUAGE_STANDARD = "gnu++14";
				CLANG_CXX_LIBRARY = "libc++";
				CLANG_ENABLE_MODULES = YES;
				CLANG_ENABLE_OBJC_ARC = YES;
				CLANG_ENABLE_OBJC_WEAK = YES;
				CLANG_WARN_BLOCK_CAPTURE_AUTORELEASING = YES;
				CLANG_WARN_BOOL_CONVERSION = YES;
				CLANG_WARN_COMMA = YES;
				CLANG_WARN_CONSTANT_CONVERSION = YES;
				CLANG_WARN_DEPRECATED_OBJC_IMPLEMENTATIONS = YES;
				CLANG_WARN_DIRECT_OBJC_ISA_USAGE = YES_ERROR;
				CLANG_WARN_DOCUMENTATION_COMMENTS = YES;
				CLANG_WARN_EMPTY_BODY = YES;
				CLANG_WARN_ENUM_CONVERSION = YES;
				CLANG_WARN_INFINITE_RECURSION = YES;
				CLANG_WARN_INT_CONVERSION = YES;
				CLANG_WARN_NON_LITERAL_NULL_CONVERSION = YES;
				CLANG_WARN_OBJC_IMPLICIT_RETAIN_SELF = YES;
				CLANG_WARN_OBJC_LITERAL_CONVERSION = YES;
				CLANG_WARN_OBJC_ROOT_CLASS = YES_ERROR;
				CLANG_WARN_RANGE_LOOP_ANALYSIS = YES;
				CLANG_WARN_STRICT_PROTOTYPES = YES;
				CLANG_WARN_SUSPICIOUS_MOVE = YES;
				CLANG_WARN_UNGUARDED_AVAILABILITY = YES_AGGRESSIVE;
				CLANG_WARN_UNREACHABLE_CODE = YES;
				CLANG_WARN__DUPLICATE_METHOD_MATCH = YES;
				COPY_PHASE_STRIP = NO;
				DEBUG_INFORMATION_FORMAT = dwarf;
				ENABLE_STRICT_OBJC_MSGSEND = YES;
				ENABLE_TESTABILITY = YES;
				GCC_C_LANGUAGE_STANDARD = gnu11;
				GCC_DYNAMIC_NO_PIC = NO;
				GCC_NO_COMMON_BLOCKS = YES;
				GCC_OPTIMIZATION_LEVEL = 0;
				GCC_PREPROCESSOR_DEFINITIONS = (
					"DEBUG=1",
					"$(inherited)",
				);
				GCC_WARN_64_TO_32_BIT_CONVERSION = YES;
				GCC_WARN_ABOUT_RETURN_TYPE = YES_ERROR;
				GCC_WARN_UNDECLARED_SELECTOR = YES;
				GCC_WARN_UNINITIALIZED_AUTOS = YES_AGGRESSIVE;
				GCC_WARN_UNUSED_FUNCTION = YES;
				GCC_WARN_UNUSED_VARIABLE = YES;
				IPHONEOS_DEPLOYMENT_TARGET = 13.6;
				MTL_ENABLE_DEBUG_INFO = INCLUDE_SOURCE;
				MTL_FAST_MATH = YES;
				ONLY_ACTIVE_ARCH = YES;
				SDKROOT = iphoneos;
				SWIFT_ACTIVE_COMPILATION_CONDITIONS = DEBUG;
				SWIFT_OPTIMIZATION_LEVEL = "-Onone";
			};
			name = Debug;
		};
		2E2ACE7024D36CAA00D10DB2 /* Release */ = {
			isa = XCBuildConfiguration;
			buildSettings = {
				ALWAYS_SEARCH_USER_PATHS = NO;
				CLANG_ANALYZER_NONNULL = YES;
				CLANG_ANALYZER_NUMBER_OBJECT_CONVERSION = YES_AGGRESSIVE;
				CLANG_CXX_LANGUAGE_STANDARD = "gnu++14";
				CLANG_CXX_LIBRARY = "libc++";
				CLANG_ENABLE_MODULES = YES;
				CLANG_ENABLE_OBJC_ARC = YES;
				CLANG_ENABLE_OBJC_WEAK = YES;
				CLANG_WARN_BLOCK_CAPTURE_AUTORELEASING = YES;
				CLANG_WARN_BOOL_CONVERSION = YES;
				CLANG_WARN_COMMA = YES;
				CLANG_WARN_CONSTANT_CONVERSION = YES;
				CLANG_WARN_DEPRECATED_OBJC_IMPLEMENTATIONS = YES;
				CLANG_WARN_DIRECT_OBJC_ISA_USAGE = YES_ERROR;
				CLANG_WARN_DOCUMENTATION_COMMENTS = YES;
				CLANG_WARN_EMPTY_BODY = YES;
				CLANG_WARN_ENUM_CONVERSION = YES;
				CLANG_WARN_INFINITE_RECURSION = YES;
				CLANG_WARN_INT_CONVERSION = YES;
				CLANG_WARN_NON_LITERAL_NULL_CONVERSION = YES;
				CLANG_WARN_OBJC_IMPLICIT_RETAIN_SELF = YES;
				CLANG_WARN_OBJC_LITERAL_CONVERSION = YES;
				CLANG_WARN_OBJC_ROOT_CLASS = YES_ERROR;
				CLANG_WARN_RANGE_LOOP_ANALYSIS = YES;
				CLANG_WARN_STRICT_PROTOTYPES = YES;
				CLANG_WARN_SUSPICIOUS_MOVE = YES;
				CLANG_WARN_UNGUARDED_AVAILABILITY = YES_AGGRESSIVE;
				CLANG_WARN_UNREACHABLE_CODE = YES;
				CLANG_WARN__DUPLICATE_METHOD_MATCH = YES;
				COPY_PHASE_STRIP = NO;
				DEBUG_INFORMATION_FORMAT = "dwarf-with-dsym";
				ENABLE_NS_ASSERTIONS = NO;
				ENABLE_STRICT_OBJC_MSGSEND = YES;
				GCC_C_LANGUAGE_STANDARD = gnu11;
				GCC_NO_COMMON_BLOCKS = YES;
				GCC_WARN_64_TO_32_BIT_CONVERSION = YES;
				GCC_WARN_ABOUT_RETURN_TYPE = YES_ERROR;
				GCC_WARN_UNDECLARED_SELECTOR = YES;
				GCC_WARN_UNINITIALIZED_AUTOS = YES_AGGRESSIVE;
				GCC_WARN_UNUSED_FUNCTION = YES;
				GCC_WARN_UNUSED_VARIABLE = YES;
				IPHONEOS_DEPLOYMENT_TARGET = 13.6;
				MTL_ENABLE_DEBUG_INFO = NO;
				MTL_FAST_MATH = YES;
				SDKROOT = iphoneos;
				SWIFT_COMPILATION_MODE = wholemodule;
				SWIFT_OPTIMIZATION_LEVEL = "-O";
				VALIDATE_PRODUCT = YES;
			};
			name = Release;
		};
		2E2ACE7224D36CAA00D10DB2 /* Debug */ = {
			isa = XCBuildConfiguration;
			buildSettings = {
				ASSETCATALOG_COMPILER_APPICON_NAME = AppIcon;
				CODE_SIGN_STYLE = Automatic;
				INFOPLIST_FILE = oneZL/Info.plist;
				LD_RUNPATH_SEARCH_PATHS = (
					"$(inherited)",
					"@executable_path/Frameworks",
				);
				PRODUCT_BUNDLE_IDENTIFIER = "Zon-Loopt-RR.oneZL";
				PRODUCT_NAME = "$(TARGET_NAME)";
				SWIFT_VERSION = 5.0;
				TARGETED_DEVICE_FAMILY = "1,2";
			};
			name = Debug;
		};
		2E2ACE7324D36CAA00D10DB2 /* Release */ = {
			isa = XCBuildConfiguration;
			buildSettings = {
				ASSETCATALOG_COMPILER_APPICON_NAME = AppIcon;
				CODE_SIGN_STYLE = Automatic;
				INFOPLIST_FILE = oneZL/Info.plist;
				LD_RUNPATH_SEARCH_PATHS = (
					"$(inherited)",
					"@executable_path/Frameworks",
				);
				PRODUCT_BUNDLE_IDENTIFIER = "Zon-Loopt-RR.oneZL";
				PRODUCT_NAME = "$(TARGET_NAME)";
				SWIFT_VERSION = 5.0;
				TARGETED_DEVICE_FAMILY = "1,2";
			};
			name = Release;
		};
		2E2ACE7524D36CAA00D10DB2 /* Debug */ = {
			isa = XCBuildConfiguration;
			buildSettings = {
				ALWAYS_EMBED_SWIFT_STANDARD_LIBRARIES = YES;
				BUNDLE_LOADER = "$(TEST_HOST)";
				CODE_SIGN_STYLE = Automatic;
				INFOPLIST_FILE = oneZLTests/Info.plist;
				IPHONEOS_DEPLOYMENT_TARGET = 13.6;
				LD_RUNPATH_SEARCH_PATHS = (
					"$(inherited)",
					"@executable_path/Frameworks",
					"@loader_path/Frameworks",
				);
				PRODUCT_BUNDLE_IDENTIFIER = "Zon-Loopt-RR.oneZLTests";
				PRODUCT_NAME = "$(TARGET_NAME)";
				SWIFT_VERSION = 5.0;
				TARGETED_DEVICE_FAMILY = "1,2";
				TEST_HOST = "$(BUILT_PRODUCTS_DIR)/oneZL.app/oneZL";
			};
			name = Debug;
		};
		2E2ACE7624D36CAA00D10DB2 /* Release */ = {
			isa = XCBuildConfiguration;
			buildSettings = {
				ALWAYS_EMBED_SWIFT_STANDARD_LIBRARIES = YES;
				BUNDLE_LOADER = "$(TEST_HOST)";
				CODE_SIGN_STYLE = Automatic;
				INFOPLIST_FILE = oneZLTests/Info.plist;
				IPHONEOS_DEPLOYMENT_TARGET = 13.6;
				LD_RUNPATH_SEARCH_PATHS = (
					"$(inherited)",
					"@executable_path/Frameworks",
					"@loader_path/Frameworks",
				);
				PRODUCT_BUNDLE_IDENTIFIER = "Zon-Loopt-RR.oneZLTests";
				PRODUCT_NAME = "$(TARGET_NAME)";
				SWIFT_VERSION = 5.0;
				TARGETED_DEVICE_FAMILY = "1,2";
				TEST_HOST = "$(BUILT_PRODUCTS_DIR)/oneZL.app/oneZL";
			};
			name = Release;
		};
		2E2ACE7824D36CAA00D10DB2 /* Debug */ = {
			isa = XCBuildConfiguration;
			buildSettings = {
				ALWAYS_EMBED_SWIFT_STANDARD_LIBRARIES = YES;
				CODE_SIGN_STYLE = Automatic;
				INFOPLIST_FILE = oneZLUITests/Info.plist;
				LD_RUNPATH_SEARCH_PATHS = (
					"$(inherited)",
					"@executable_path/Frameworks",
					"@loader_path/Frameworks",
				);
				PRODUCT_BUNDLE_IDENTIFIER = "Zon-Loopt-RR.oneZLUITests";
				PRODUCT_NAME = "$(TARGET_NAME)";
				SWIFT_VERSION = 5.0;
				TARGETED_DEVICE_FAMILY = "1,2";
				TEST_TARGET_NAME = oneZL;
			};
			name = Debug;
		};
		2E2ACE7924D36CAA00D10DB2 /* Release */ = {
			isa = XCBuildConfiguration;
			buildSettings = {
				ALWAYS_EMBED_SWIFT_STANDARD_LIBRARIES = YES;
				CODE_SIGN_STYLE = Automatic;
				INFOPLIST_FILE = oneZLUITests/Info.plist;
				LD_RUNPATH_SEARCH_PATHS = (
					"$(inherited)",
					"@executable_path/Frameworks",
					"@loader_path/Frameworks",
				);
				PRODUCT_BUNDLE_IDENTIFIER = "Zon-Loopt-RR.oneZLUITests";
				PRODUCT_NAME = "$(TARGET_NAME)";
				SWIFT_VERSION = 5.0;
				TARGETED_DEVICE_FAMILY = "1,2";
				TEST_TARGET_NAME = oneZL;
			};
			name = Release;
		};
/* End XCBuildConfiguration section */

/* Begin XCConfigurationList section */
		2E2ACE3F24D36CA600D10DB2 /* Build configuration list for PBXProject "oneZL" */ = {
			isa = XCConfigurationList;
			buildConfigurations = (
				2E2ACE6F24D36CAA00D10DB2 /* Debug */,
				2E2ACE7024D36CAA00D10DB2 /* Release */,
			);
			defaultConfigurationIsVisible = 0;
			defaultConfigurationName = Release;
		};
		2E2ACE7124D36CAA00D10DB2 /* Build configuration list for PBXNativeTarget "oneZL" */ = {
			isa = XCConfigurationList;
			buildConfigurations = (
				2E2ACE7224D36CAA00D10DB2 /* Debug */,
				2E2ACE7324D36CAA00D10DB2 /* Release */,
			);
			defaultConfigurationIsVisible = 0;
			defaultConfigurationName = Release;
		};
		2E2ACE7424D36CAA00D10DB2 /* Build configuration list for PBXNativeTarget "oneZLTests" */ = {
			isa = XCConfigurationList;
			buildConfigurations = (
				2E2ACE7524D36CAA00D10DB2 /* Debug */,
				2E2ACE7624D36CAA00D10DB2 /* Release */,
			);
			defaultConfigurationIsVisible = 0;
			defaultConfigurationName = Release;
		};
		2E2ACE7724D36CAA00D10DB2 /* Build configuration list for PBXNativeTarget "oneZLUITests" */ = {
			isa = XCConfigurationList;
			buildConfigurations = (
				2E2ACE7824D36CAA00D10DB2 /* Debug */,
				2E2ACE7924D36CAA00D10DB2 /* Release */,
			);
			defaultConfigurationIsVisible = 0;
			defaultConfigurationName = Release;
		};
/* End XCConfigurationList section */

/* Begin XCVersionGroup section */
		2E2ACE5024D36CA600D10DB2 /* oneZL.xcdatamodeld */ = {
			isa = XCVersionGroup;
			children = (
				2E2ACE5124D36CA600D10DB2 /* oneZL.xcdatamodel */,
			);
			currentVersion = 2E2ACE5124D36CA600D10DB2 /* oneZL.xcdatamodel */;
			path = oneZL.xcdatamodeld;
			sourceTree = "<group>";
			versionGroupType = wrapper.xcdatamodel;
		};
/* End XCVersionGroup section */
	};
	rootObject = 2E2ACE3C24D36CA600D10DB2 /* Project object */;
}
